
Microsoft Visual Studio Solution File, Format Version 12.00
# Visual Studio Version 16
VisualStudioVersion = 16.0.31702.278
MinimumVisualStudioVersion = 10.0.40219.1
Project("{FAE04EC0-301F-11D3-BF4B-00C04F79EFBC}") = "NPL_CongTC1_Assignment_08", "NPL_CongTC1_Assignment_08\NPL_CongTC1_Assignment_08.csproj", "{D440A128-CB7A-4F52-BF65-895D56CA996C}"
EndProject
Global
	GlobalSection(SolutionConfigurationPlatforms) = preSolution
		Debug|Any CPU = Debug|Any CPU
		Release|Any CPU = Release|Any CPU
	EndGlobalSection
	GlobalSection(ProjectConfigurationPlatforms) = postSolution
		{D440A128-CB7A-4F52-BF65-895D56CA996C}.Debug|Any CPU.ActiveCfg = Debug|Any CPU
		{D440A128-CB7A-4F52-BF65-895D56CA996C}.Debug|Any CPU.Build.0 = Debug|Any CPU
		{D440A128-CB7A-4F52-BF65-895D56CA996C}.Release|Any CPU.ActiveCfg = Release|Any CPU
		{D440A128-CB7A-4F52-BF65-895D56CA996C}.Release|Any CPU.Build.0 = Release|Any CPU
	EndGlobalSection
	GlobalSection(SolutionProperties) = preSolution
		HideSolutionNode = FALSE
	EndGlobalSection
	GlobalSection(ExtensibilityGlobals) = postSolution
		SolutionGuid = {F6EC3933-22DF-4240-BE28-87E020A83294}
	EndGlobalSection
EndGlobal
