
Microsoft Visual Studio Solution File, Format Version 12.00
# Visual Studio Version 16
VisualStudioVersion = 16.0.31702.278
MinimumVisualStudioVersion = 10.0.40219.1
Project("{9A19103F-16F7-4668-BE54-9A1E7A4F7556}") = "Exercise_1", "Exercise_1\Exercise_1.csproj", "{D7604981-B15E-4CAB-9771-56DBD8D68128}"
EndProject
Project("{9A19103F-16F7-4668-BE54-9A1E7A4F7556}") = "Exercise_2", "Exercise_2\Exercise_2.csproj", "{9F7FB5DC-C65C-4AA5-878A-3C3435808D85}"
EndProject
Project("{9A19103F-16F7-4668-BE54-9A1E7A4F7556}") = "Exercise_3", "Excercise_3\Exercise_3.csproj", "{723F4FAD-A20A-49C3-B328-6AFAB6117E67}"
EndProject
Global
	GlobalSection(SolutionConfigurationPlatforms) = preSolution
		Debug|Any CPU = Debug|Any CPU
		Release|Any CPU = Release|Any CPU
	EndGlobalSection
	GlobalSection(ProjectConfigurationPlatforms) = postSolution
		{D7604981-B15E-4CAB-9771-56DBD8D68128}.Debug|Any CPU.ActiveCfg = Debug|Any CPU
		{D7604981-B15E-4CAB-9771-56DBD8D68128}.Debug|Any CPU.Build.0 = Debug|Any CPU
		{D7604981-B15E-4CAB-9771-56DBD8D68128}.Release|Any CPU.ActiveCfg = Release|Any CPU
		{D7604981-B15E-4CAB-9771-56DBD8D68128}.Release|Any CPU.Build.0 = Release|Any CPU
		{9F7FB5DC-C65C-4AA5-878A-3C3435808D85}.Debug|Any CPU.ActiveCfg = Debug|Any CPU
		{9F7FB5DC-C65C-4AA5-878A-3C3435808D85}.Debug|Any CPU.Build.0 = Debug|Any CPU
		{9F7FB5DC-C65C-4AA5-878A-3C3435808D85}.Release|Any CPU.ActiveCfg = Release|Any CPU
		{9F7FB5DC-C65C-4AA5-878A-3C3435808D85}.Release|Any CPU.Build.0 = Release|Any CPU
		{723F4FAD-A20A-49C3-B328-6AFAB6117E67}.Debug|Any CPU.ActiveCfg = Debug|Any CPU
		{723F4FAD-A20A-49C3-B328-6AFAB6117E67}.Debug|Any CPU.Build.0 = Debug|Any CPU
		{723F4FAD-A20A-49C3-B328-6AFAB6117E67}.Release|Any CPU.ActiveCfg = Release|Any CPU
		{723F4FAD-A20A-49C3-B328-6AFAB6117E67}.Release|Any CPU.Build.0 = Release|Any CPU
	EndGlobalSection
	GlobalSection(SolutionProperties) = preSolution
		HideSolutionNode = FALSE
	EndGlobalSection
	GlobalSection(ExtensibilityGlobals) = postSolution
		SolutionGuid = {8AF12CF5-1445-4469-9B1C-573530A28502}
	EndGlobalSection
EndGlobal
